{
  "originHash" : "4ffd020922d5cb1e4bad73064b0d31b058749aa71ce2bf650dc9871b0d3d582e",
  "pins" : [
    {
      "identity" : "launchatlogin",
      "kind" : "remoteSourceControl",
      "location" : "https://github.com/sindresorhus/LaunchAtLogin",
      "state" : {
        "revision" : "e8171b3e38a2816f579f58f3dac1522aa39efe41",
        "version" : "4.2.0"
      }
    }
  ],
  "version" : 3
}
