{
  "originHash" : "470f6076d38b8717f53486605188241a31af32b06b4c5c30e6d2d804dc9b3132",
  "pins" : [
    {
      "identity" : "diagnostics",
      "kind" : "remoteSourceControl",
      "location" : "https://github.com/AvdLee/Diagnostics",
      "state" : {
        "revision" : "109837f009a54e6caf6f37733d9f00f145acc1bb",
        "version" : "6.0.1"
      }
    },
    {
      "identity" : "exceptioncatcher",
      "kind" : "remoteSourceControl",
      "location" : "https://github.com/sindresorhus/ExceptionCatcher",
      "state" : {
        "revision" : "9e57a89e7ed5e11cbc04fbaa5f1397448f91bb73",
        "version" : "2.2.0"
      }
    },
    {
      "identity" : "launchatlogin",
      "kind" : "remoteSourceControl",
      "location" : "https://github.com/sindresorhus/LaunchAtLogin",
      "state" : {
        "revision" : "e8171b3e38a2816f579f58f3dac1522aa39efe41",
        "version" : "4.2.0"
      }
    },
    {
      "identity" : "sparkle",
      "kind" : "remoteSourceControl",
      "location" : "https://github.com/sparkle-project/Sparkle",
      "state" : {
        "revision" : "21d8df80440b1ca3b65fa82e40782f1e5a9e6ba2",
        "version" : "2.9.0"
      }
    }
  ],
  "version" : 3
}
